// !$*UTF8*$!
{
	archiveVersion = 1;
	classes = {
	};
	objectVersion = 48;
	objects = {

/* Begin PBXBuildFile section */
		238CB6701FC4EADB005E0249 /* AppDelegate.swift in Sources */ = {isa = PBXBuildFile; fileRef = 238CB66F1FC4EADB005E0249 /* AppDelegate.swift */; };
		238CB6721FC4EADB005E0249 /* ViewController.swift in Sources */ = {isa = PBXBuildFile; fileRef = 238CB6711FC4EADB005E0249 /* ViewController.swift */; };
		238CB6751FC4EADB005E0249 /* Main.storyboard in Resources */ = {isa = PBXBuildFile; fileRef = 238CB6731FC4EADB005E0249 /* Main.storyboard */; };
		238CB6771FC4EADB005E0249 /* Assets.xcassets in Resources */ = {isa = PBXBuildFile; fileRef = 238CB6761FC4EADB005E0249 /* Assets.xcassets */; };
		238CB67A1FC4EADB005E0249 /* LaunchScreen.storyboard in Resources */ = {isa = PBXBuildFile; fileRef = 238CB6781FC4EADB005E0249 /* LaunchScreen.storyboard */; };
		238CB6851FC4EADB005E0249 /* IsItPrimeTests.swift in Sources */ = {isa = PBXBuildFile; fileRef = 238CB6841FC4EADB005E0249 /* IsItPrimeTests.swift */; };
		238CB6901FC4EADB005E0249 /* IsItPrimeUITests.swift in Sources */ = {isa = PBXBuildFile; fileRef = 238CB68F1FC4EADB005E0249 /* IsItPrimeUITests.swift */; };
		238CB69E1FC4ED1A005E0249 /* background_1.jpg in Resources */ = {isa = PBXBuildFile; fileRef = 238CB69D1FC4ED1A005E0249 /* background_1.jpg */; };
/* End PBXBuildFile section */

/* Begin PBXContainerItemProxy section */
		238CB6811FC4EADB005E0249 /* PBXContainerItemProxy */ = {
			isa = PBXContainerItemProxy;
			containerPortal = 238CB6641FC4EADB005E0249 /* Project object */;
			proxyType = 1;
			remoteGlobalIDString = 238CB66B1FC4EADB005E0249;
			remoteInfo = IsItPrime;
		};
		238CB68C1FC4EADB005E0249 /* PBXContainerItemProxy */ = {
			isa = PBXContainerItemProxy;
			containerPortal = 238CB6641FC4EADB005E0249 /* Project object */;
			proxyType = 1;
			remoteGlobalIDString = 238CB66B1FC4EADB005E0249;
			remoteInfo = IsItPrime;
		};
/* End PBXContainerItemProxy section */

/* Begin PBXFileReference section */
		238CB66C1FC4EADB005E0249 /* IsItPrime.app */ = {isa = PBXFileReference; explicitFileType = wrapper.application; includeInIndex = 0; path = IsItPrime.app; sourceTree = BUILT_PRODUCTS_DIR; };
		238CB66F1FC4EADB005E0249 /* AppDelegate.swift */ = {isa = PBXFileReference; lastKnownFileType = sourcecode.swift; path = AppDelegate.swift; sourceTree = "<group>"; };
		238CB6711FC4EADB005E0249 /* ViewController.swift */ = {isa = PBXFileReference; lastKnownFileType = sourcecode.swift; path = ViewController.swift; sourceTree = "<group>"; };
		238CB6741FC4EADB005E0249 /* Base */ = {isa = PBXFileReference; lastKnownFileType = file.storyboard; name = Base; path = Base.lproj/Main.storyboard; sourceTree = "<group>"; };
		238CB6761FC4EADB005E0249 /* Assets.xcassets */ = {isa = PBXFileReference; lastKnownFileType = folder.assetcatalog; path = Assets.xcassets; sourceTree = "<group>"; };
		238CB6791FC4EADB005E0249 /* Base */ = {isa = PBXFileReference; lastKnownFileType = file.storyboard; name = Base; path = Base.lproj/LaunchScreen.storyboard; sourceTree = "<group>"; };
		238CB67B1FC4EADB005E0249 /* Info.plist */ = {isa = PBXFileReference; lastKnownFileType = text.plist.xml; path = Info.plist; sourceTree = "<group>"; };
		238CB6801FC4EADB005E0249 /* IsItPrimeTests.xctest */ = {isa = PBXFileReference; explicitFileType = wrapper.cfbundle; includeInIndex = 0; path = IsItPrimeTests.xctest; sourceTree = BUILT_PRODUCTS_DIR; };
		238CB6841FC4EADB005E0249 /* IsItPrimeTests.swift */ = {isa = PBXFileReference; lastKnownFileType = sourcecode.swift; path = IsItPrimeTests.swift; sourceTree = "<group>"; };
		238CB6861FC4EADB005E0249 /* Info.plist */ = {isa = PBXFileReference; lastKnownFileType = text.plist.xml; path = Info.plist; sourceTree = "<group>"; };
		238CB68B1FC4EADB005E0249 /* IsItPrimeUITests.xctest */ = {isa = PBXFileReference; explicitFileType = wrapper.cfbundle; includeInIndex = 0; path = IsItPrimeUITests.xctest; sourceTree = BUILT_PRODUCTS_DIR; };
		238CB68F1FC4EADB005E0249 /* IsItPrimeUITests.swift */ = {isa = PBXFileReference; lastKnownFileType = sourcecode.swift; path = IsItPrimeUITests.swift; sourceTree = "<group>"; };
		238CB6911FC4EADB005E0249 /* Info.plist */ = {isa = PBXFileReference; lastKnownFileType = text.plist.xml; path = Info.plist; sourceTree = "<group>"; };
		238CB69D1FC4ED1A005E0249 /* background_1.jpg */ = {isa = PBXFileReference; lastKnownFileType = image.jpeg; path = background_1.jpg; sourceTree = "<group>"; };
/* End PBXFileReference section */

/* Begin PBXFrameworksBuildPhase section */
		238CB6691FC4EADB005E0249 /* Frameworks */ = {
			isa = PBXFrameworksBuildPhase;
			buildActionMask = 2147483647;
			files = (
			);
			runOnlyForDeploymentPostprocessing = 0;
		};
		238CB67D1FC4EADB005E0249 /* Frameworks */ = {
			isa = PBXFrameworksBuildPhase;
			buildActionMask = 2147483647;
			files = (
			);
			runOnlyForDeploymentPostprocessing = 0;
		};
		238CB6881FC4EADB005E0249 /* Frameworks */ = {
			isa = PBXFrameworksBuildPhase;
			buildActionMask = 2147483647;
			files = (
			);
			runOnlyForDeploymentPostprocessing = 0;
		};
/* End PBXFrameworksBuildPhase section */

/* Begin PBXGroup section */
		238CB6631FC4EADB005E0249 = {
			isa = PBXGroup;
			children = (
				238CB66E1FC4EADB005E0249 /* IsItPrime */,
				238CB6831FC4EADB005E0249 /* IsItPrimeTests */,
				238CB68E1FC4EADB005E0249 /* IsItPrimeUITests */,
				238CB66D1FC4EADB005E0249 /* Products */,
			);
			sourceTree = "<group>";
		};
		238CB66D1FC4EADB005E0249 /* Products */ = {
			isa = PBXGroup;
			children = (
				238CB66C1FC4EADB005E0249 /* IsItPrime.app */,
				238CB6801FC4EADB005E0249 /* IsItPrimeTests.xctest */,
				238CB68B1FC4EADB005E0249 /* IsItPrimeUITests.xctest */,
			);
			name = Products;
			sourceTree = "<group>";
		};
		238CB66E1FC4EADB005E0249 /* IsItPrime */ = {
			isa = PBXGroup;
			children = (
				238CB69D1FC4ED1A005E0249 /* background_1.jpg */,
				238CB66F1FC4EADB005E0249 /* AppDelegate.swift */,
				238CB6711FC4EADB005E0249 /* ViewController.swift */,
				238CB6731FC4EADB005E0249 /* Main.storyboard */,
				238CB6761FC4EADB005E0249 /* Assets.xcassets */,
				238CB6781FC4EADB005E0249 /* LaunchScreen.storyboard */,
				238CB67B1FC4EADB005E0249 /* Info.plist */,
			);
			path = IsItPrime;
			sourceTree = "<group>";
		};
		238CB6831FC4EADB005E0249 /* IsItPrimeTests */ = {
			isa = PBXGroup;
			children = (
				238CB6841FC4EADB005E0249 /* IsItPrimeTests.swift */,
				238CB6861FC4EADB005E0249 /* Info.plist */,
			);
			path = IsItPrimeTests;
			sourceTree = "<group>";
		};
		238CB68E1FC4EADB005E0249 /* IsItPrimeUITests */ = {
			isa = PBXGroup;
			children = (
				238CB68F1FC4EADB005E0249 /* IsItPrimeUITests.swift */,
				238CB6911FC4EADB005E0249 /* Info.plist */,
			);
			path = IsItPrimeUITests;
			sourceTree = "<group>";
		};
/* End PBXGroup section */

/* Begin PBXNativeTarget section */
		238CB66B1FC4EADB005E0249 /* IsItPrime */ = {
			isa = PBXNativeTarget;
			buildConfigurationList = 238CB6941FC4EADB005E0249 /* Build configuration list for PBXNativeTarget "IsItPrime" */;
			buildPhases = (
				238CB6681FC4EADB005E0249 /* Sources */,
				238CB6691FC4EADB005E0249 /* Frameworks */,
				238CB66A1FC4EADB005E0249 /* Resources */,
			);
			buildRules = (
			);
			dependencies = (
			);
			name = IsItPrime;
			productName = IsItPrime;
			productReference = 238CB66C1FC4EADB005E0249 /* IsItPrime.app */;
			productType = "com.apple.product-type.application";
		};
		238CB67F1FC4EADB005E0249 /* IsItPrimeTests */ = {
			isa = PBXNativeTarget;
			buildConfigurationList = 238CB6971FC4EADB005E0249 /* Build configuration list for PBXNativeTarget "IsItPrimeTests" */;
			buildPhases = (
				238CB67C1FC4EADB005E0249 /* Sources */,
				238CB67D1FC4EADB005E0249 /* Frameworks */,
				238CB67E1FC4EADB005E0249 /* Resources */,
			);
			buildRules = (
			);
			dependencies = (
				238CB6821FC4EADB005E0249 /* PBXTargetDependency */,
			);
			name = IsItPrimeTests;
			productName = IsItPrimeTests;
			productReference = 238CB6801FC4EADB005E0249 /* IsItPrimeTests.xctest */;
			productType = "com.apple.product-type.bundle.unit-test";
		};
		238CB68A1FC4EADB005E0249 /* IsItPrimeUITests */ = {
			isa = PBXNativeTarget;
			buildConfigurationList = 238CB69A1FC4EADB005E0249 /* Build configuration list for PBXNativeTarget "IsItPrimeUITests" */;
			buildPhases = (
				238CB6871FC4EADB005E0249 /* Sources */,
				238CB6881FC4EADB005E0249 /* Frameworks */,
				238CB6891FC4EADB005E0249 /* Resources */,
			);
			buildRules = (
			);
			dependencies = (
				238CB68D1FC4EADB005E0249 /* PBXTargetDependency */,
			);
			name = IsItPrimeUITests;
			productName = IsItPrimeUITests;
			productReference = 238CB68B1FC4EADB005E0249 /* IsItPrimeUITests.xctest */;
			productType = "com.apple.product-type.bundle.ui-testing";
		};
/* End PBXNativeTarget section */

/* Begin PBXProject section */
		238CB6641FC4EADB005E0249 /* Project object */ = {
			isa = PBXProject;
			attributes = {
				LastSwiftUpdateCheck = 0910;
				LastUpgradeCheck = 0910;
				ORGANIZATIONNAME = "Igor Silva";
				TargetAttributes = {
					238CB66B1FC4EADB005E0249 = {
						CreatedOnToolsVersion = 9.1;
						ProvisioningStyle = Automatic;
					};
					238CB67F1FC4EADB005E0249 = {
						CreatedOnToolsVersion = 9.1;
						ProvisioningStyle = Automatic;
						TestTargetID = 238CB66B1FC4EADB005E0249;
					};
					238CB68A1FC4EADB005E0249 = {
						CreatedOnToolsVersion = 9.1;
						ProvisioningStyle = Automatic;
						TestTargetID = 238CB66B1FC4EADB005E0249;
					};
				};
			};
			buildConfigurationList = 238CB6671FC4EADB005E0249 /* Build configuration list for PBXProject "IsItPrime" */;
			compatibilityVersion = "Xcode 8.0";
			developmentRegion = en;
			hasScannedForEncodings = 0;
			knownRegions = (
				en,
				Base,
			);
			mainGroup = 238CB6631FC4EADB005E0249;
			productRefGroup = 238CB66D1FC4EADB005E0249 /* Products */;
			projectDirPath = "";
			projectRoot = "";
			targets = (
				238CB66B1FC4EADB005E0249 /* IsItPrime */,
				238CB67F1FC4EADB005E0249 /* IsItPrimeTests */,
				238CB68A1FC4EADB005E0249 /* IsItPrimeUITests */,
			);
		};
/* End PBXProject section */

/* Begin PBXResourcesBuildPhase section */
		238CB66A1FC4EADB005E0249 /* Resources */ = {
			isa = PBXResourcesBuildPhase;
			buildActionMask = 2147483647;
			files = (
				238CB67A1FC4EADB005E0249 /* LaunchScreen.storyboard in Resources */,
				238CB6771FC4EADB005E0249 /* Assets.xcassets in Resources */,
				238CB6751FC4EADB005E0249 /* Main.storyboard in Resources */,
				238CB69E1FC4ED1A005E0249 /* background_1.jpg in Resources */,
			);
			runOnlyForDeploymentPostprocessing = 0;
		};
		238CB67E1FC4EADB005E0249 /* Resources */ = {
			isa = PBXResourcesBuildPhase;
			buildActionMask = 2147483647;
			files = (
			);
			runOnlyForDeploymentPostprocessing = 0;
		};
		238CB6891FC4EADB005E0249 /* Resources */ = {
			isa = PBXResourcesBuildPhase;
			buildActionMask = 2147483647;
			files = (
			);
			runOnlyForDeploymentPostprocessing = 0;
		};
/* End PBXResourcesBuildPhase section */

/* Begin PBXSourcesBuildPhase section */
		238CB6681FC4EADB005E0249 /* Sources */ = {
			isa = PBXSourcesBuildPhase;
			buildActionMask = 2147483647;
			files = (
				238CB6721FC4EADB005E0249 /* ViewController.swift in Sources */,
				238CB6701FC4EADB005E0249 /* AppDelegate.swift in Sources */,
			);
			runOnlyForDeploymentPostprocessing = 0;
		};
		238CB67C1FC4EADB005E0249 /* Sources */ = {
			isa = PBXSourcesBuildPhase;
			buildActionMask = 2147483647;
			files = (
				238CB6851FC4EADB005E0249 /* IsItPrimeTests.swift in Sources */,
			);
			runOnlyForDeploymentPostprocessing = 0;
		};
		238CB6871FC4EADB005E0249 /* Sources */ = {
			isa = PBXSourcesBuildPhase;
			buildActionMask = 2147483647;
			files = (
				238CB6901FC4EADB005E0249 /* IsItPrimeUITests.swift in Sources */,
			);
			runOnlyForDeploymentPostprocessing = 0;
		};
/* End PBXSourcesBuildPhase section */

/* Begin PBXTargetDependency section */
		238CB6821FC4EADB005E0249 /* PBXTargetDependency */ = {
			isa = PBXTargetDependency;
			target = 238CB66B1FC4EADB005E0249 /* IsItPrime */;
			targetProxy = 238CB6811FC4EADB005E0249 /* PBXContainerItemProxy */;
		};
		238CB68D1FC4EADB005E0249 /* PBXTargetDependency */ = {
			isa = PBXTargetDependency;
			target = 238CB66B1FC4EADB005E0249 /* IsItPrime */;
			targetProxy = 238CB68C1FC4EADB005E0249 /* PBXContainerItemProxy */;
		};
/* End PBXTargetDependency section */

/* Begin PBXVariantGroup section */
		238CB6731FC4EADB005E0249 /* Main.storyboard */ = {
			isa = PBXVariantGroup;
			children = (
				238CB6741FC4EADB005E0249 /* Base */,
			);
			name = Main.storyboard;
			sourceTree = "<group>";
		};
		238CB6781FC4EADB005E0249 /* LaunchScreen.storyboard */ = {
			isa = PBXVariantGroup;
			children = (
				238CB6791FC4EADB005E0249 /* Base */,
			);
			name = LaunchScreen.storyboard;
			sourceTree = "<group>";
		};
/* End PBXVariantGroup section */

/* Begin XCBuildConfiguration section */
		238CB6921FC4EADB005E0249 /* Debug */ = {
			isa = XCBuildConfiguration;
			buildSettings = {
				ALWAYS_SEARCH_USER_PATHS = NO;
				CLANG_ANALYZER_NONNULL = YES;
				CLANG_ANALYZER_NUMBER_OBJECT_CONVERSION = YES_AGGRESSIVE;
				CLANG_CXX_LANGUAGE_STANDARD = "gnu++14";
				CLANG_CXX_LIBRARY = "libc++";
				CLANG_ENABLE_MODULES = YES;
				CLANG_ENABLE_OBJC_ARC = YES;
				CLANG_WARN_BLOCK_CAPTURE_AUTORELEASING = YES;
				CLANG_WARN_BOOL_CONVERSION = YES;
				CLANG_WARN_COMMA = YES;
				CLANG_WARN_CONSTANT_CONVERSION = YES;
				CLANG_WARN_DIRECT_OBJC_ISA_USAGE = YES_ERROR;
				CLANG_WARN_DOCUMENTATION_COMMENTS = YES;
				CLANG_WARN_EMPTY_BODY = YES;
				CLANG_WARN_ENUM_CONVERSION = YES;
				CLANG_WARN_INFINITE_RECURSION = YES;
				CLANG_WARN_INT_CONVERSION = YES;
				CLANG_WARN_NON_LITERAL_NULL_CONVERSION = YES;
				CLANG_WARN_OBJC_LITERAL_CONVERSION = YES;
				CLANG_WARN_OBJC_ROOT_CLASS = YES_ERROR;
				CLANG_WARN_RANGE_LOOP_ANALYSIS = YES;
				CLANG_WARN_STRICT_PROTOTYPES = YES;
				CLANG_WARN_SUSPICIOUS_MOVE = YES;
				CLANG_WARN_UNGUARDED_AVAILABILITY = YES_AGGRESSIVE;
				CLANG_WARN_UNREACHABLE_CODE = YES;
				CLANG_WARN__DUPLICATE_METHOD_MATCH = YES;
				CODE_SIGN_IDENTITY = "iPhone Developer";
				COPY_PHASE_STRIP = NO;
				DEBUG_INFORMATION_FORMAT = dwarf;
				ENABLE_STRICT_OBJC_MSGSEND = YES;
				ENABLE_TESTABILITY = YES;
				GCC_C_LANGUAGE_STANDARD = gnu11;
				GCC_DYNAMIC_NO_PIC = NO;
				GCC_NO_COMMON_BLOCKS = YES;
				GCC_OPTIMIZATION_LEVEL = 0;
				GCC_PREPROCESSOR_DEFINITIONS = (
					"DEBUG=1",
					"$(inherited)",
				);
				GCC_WARN_64_TO_32_BIT_CONVERSION = YES;
				GCC_WARN_ABOUT_RETURN_TYPE = YES_ERROR;
				GCC_WARN_UNDECLARED_SELECTOR = YES;
				GCC_WARN_UNINITIALIZED_AUTOS = YES_AGGRESSIVE;
				GCC_WARN_UNUSED_FUNCTION = YES;
				GCC_WARN_UNUSED_VARIABLE = YES;
				IPHONEOS_DEPLOYMENT_TARGET = 11.1;
				MTL_ENABLE_DEBUG_INFO = YES;
				ONLY_ACTIVE_ARCH = YES;
				SDKROOT = iphoneos;
				SWIFT_ACTIVE_COMPILATION_CONDITIONS = DEBUG;
				SWIFT_OPTIMIZATION_LEVEL = "-Onone";
			};
			name = Debug;
		};
		238CB6931FC4EADB005E0249 /* Release */ = {
			isa = XCBuildConfiguration;
			buildSettings = {
				ALWAYS_SEARCH_USER_PATHS = NO;
				CLANG_ANALYZER_NONNULL = YES;
				CLANG_ANALYZER_NUMBER_OBJECT_CONVERSION = YES_AGGRESSIVE;
				CLANG_CXX_LANGUAGE_STANDARD = "gnu++14";
				CLANG_CXX_LIBRARY = "libc++";
				CLANG_ENABLE_MODULES = YES;
				CLANG_ENABLE_OBJC_ARC = YES;
				CLANG_WARN_BLOCK_CAPTURE_AUTORELEASING = YES;
				CLANG_WARN_BOOL_CONVERSION = YES;
				CLANG_WARN_COMMA = YES;
				CLANG_WARN_CONSTANT_CONVERSION = YES;
				CLANG_WARN_DIRECT_OBJC_ISA_USAGE = YES_ERROR;
				CLANG_WARN_DOCUMENTATION_COMMENTS = YES;
				CLANG_WARN_EMPTY_BODY = YES;
				CLANG_WARN_ENUM_CONVERSION = YES;
				CLANG_WARN_INFINITE_RECURSION = YES;
				CLANG_WARN_INT_CONVERSION = YES;
				CLANG_WARN_NON_LITERAL_NULL_CONVERSION = YES;
				CLANG_WARN_OBJC_LITERAL_CONVERSION = YES;
				CLANG_WARN_OBJC_ROOT_CLASS = YES_ERROR;
				CLANG_WARN_RANGE_LOOP_ANALYSIS = YES;
				CLANG_WARN_STRICT_PROTOTYPES = YES;
				CLANG_WARN_SUSPICIOUS_MOVE = YES;
				CLANG_WARN_UNGUARDED_AVAILABILITY = YES_AGGRESSIVE;
				CLANG_WARN_UNREACHABLE_CODE = YES;
				CLANG_WARN__DUPLICATE_METHOD_MATCH = YES;
				CODE_SIGN_IDENTITY = "iPhone Developer";
				COPY_PHASE_STRIP = NO;
				DEBUG_INFORMATION_FORMAT = "dwarf-with-dsym";
				ENABLE_NS_ASSERTIONS = NO;
				ENABLE_STRICT_OBJC_MSGSEND = YES;
				GCC_C_LANGUAGE_STANDARD = gnu11;
				GCC_NO_COMMON_BLOCKS = YES;
				GCC_WARN_64_TO_32_BIT_CONVERSION = YES;
				GCC_WARN_ABOUT_RETURN_TYPE = YES_ERROR;
				GCC_WARN_UNDECLARED_SELECTOR = YES;
				GCC_WARN_UNINITIALIZED_AUTOS = YES_AGGRESSIVE;
				GCC_WARN_UNUSED_FUNCTION = YES;
				GCC_WARN_UNUSED_VARIABLE = YES;
				IPHONEOS_DEPLOYMENT_TARGET = 11.1;
				MTL_ENABLE_DEBUG_INFO = NO;
				SDKROOT = iphoneos;
				SWIFT_OPTIMIZATION_LEVEL = "-Owholemodule";
				VALIDATE_PRODUCT = YES;
			};
			name = Release;
		};
		238CB6951FC4EADB005E0249 /* Debug */ = {
			isa = XCBuildConfiguration;
			buildSettings = {
				ASSETCATALOG_COMPILER_APPICON_NAME = AppIcon;
				CODE_SIGN_STYLE = Automatic;
				INFOPLIST_FILE = IsItPrime/Info.plist;
				LD_RUNPATH_SEARCH_PATHS = "$(inherited) @executable_path/Frameworks";
				PRODUCT_BUNDLE_IDENTIFIER = com.jsilvaigor.IsItPrime;
				PRODUCT_NAME = "$(TARGET_NAME)";
				SWIFT_VERSION = 4.0;
				TARGETED_DEVICE_FAMILY = "1,2";
			};
			name = Debug;
		};
		238CB6961FC4EADB005E0249 /* Release */ = {
			isa = XCBuildConfiguration;
			buildSettings = {
				ASSETCATALOG_COMPILER_APPICON_NAME = AppIcon;
				CODE_SIGN_STYLE = Automatic;
				INFOPLIST_FILE = IsItPrime/Info.plist;
				LD_RUNPATH_SEARCH_PATHS = "$(inherited) @executable_path/Frameworks";
				PRODUCT_BUNDLE_IDENTIFIER = com.jsilvaigor.IsItPrime;
				PRODUCT_NAME = "$(TARGET_NAME)";
				SWIFT_VERSION = 4.0;
				TARGETED_DEVICE_FAMILY = "1,2";
			};
			name = Release;
		};
		238CB6981FC4EADB005E0249 /* Debug */ = {
			isa = XCBuildConfiguration;
			buildSettings = {
				ALWAYS_EMBED_SWIFT_STANDARD_LIBRARIES = YES;
				BUNDLE_LOADER = "$(TEST_HOST)";
				CODE_SIGN_STYLE = Automatic;
				INFOPLIST_FILE = IsItPrimeTests/Info.plist;
				LD_RUNPATH_SEARCH_PATHS = "$(inherited) @executable_path/Frameworks @loader_path/Frameworks";
				PRODUCT_BUNDLE_IDENTIFIER = com.jsilvaigor.IsItPrimeTests;
				PRODUCT_NAME = "$(TARGET_NAME)";
				SWIFT_VERSION = 4.0;
				TARGETED_DEVICE_FAMILY = "1,2";
				TEST_HOST = "$(BUILT_PRODUCTS_DIR)/IsItPrime.app/IsItPrime";
			};
			name = Debug;
		};
		238CB6991FC4EADB005E0249 /* Release */ = {
			isa = XCBuildConfiguration;
			buildSettings = {
				ALWAYS_EMBED_SWIFT_STANDARD_LIBRARIES = YES;
				BUNDLE_LOADER = "$(TEST_HOST)";
				CODE_SIGN_STYLE = Automatic;
				INFOPLIST_FILE = IsItPrimeTests/Info.plist;
				LD_RUNPATH_SEARCH_PATHS = "$(inherited) @executable_path/Frameworks @loader_path/Frameworks";
				PRODUCT_BUNDLE_IDENTIFIER = com.jsilvaigor.IsItPrimeTests;
				PRODUCT_NAME = "$(TARGET_NAME)";
				SWIFT_VERSION = 4.0;
				TARGETED_DEVICE_FAMILY = "1,2";
				TEST_HOST = "$(BUILT_PRODUCTS_DIR)/IsItPrime.app/IsItPrime";
			};
			name = Release;
		};
		238CB69B1FC4EADB005E0249 /* Debug */ = {
			isa = XCBuildConfiguration;
			buildSettings = {
				ALWAYS_EMBED_SWIFT_STANDARD_LIBRARIES = YES;
				CODE_SIGN_STYLE = Automatic;
				INFOPLIST_FILE = IsItPrimeUITests/Info.plist;
				LD_RUNPATH_SEARCH_PATHS = "$(inherited) @executable_path/Frameworks @loader_path/Frameworks";
				PRODUCT_BUNDLE_IDENTIFIER = com.jsilvaigor.IsItPrimeUITests;
				PRODUCT_NAME = "$(TARGET_NAME)";
				SWIFT_VERSION = 4.0;
				TARGETED_DEVICE_FAMILY = "1,2";
				TEST_TARGET_NAME = IsItPrime;
			};
			name = Debug;
		};
		238CB69C1FC4EADB005E0249 /* Release */ = {
			isa = XCBuildConfiguration;
			buildSettings = {
				ALWAYS_EMBED_SWIFT_STANDARD_LIBRARIES = YES;
				CODE_SIGN_STYLE = Automatic;
				INFOPLIST_FILE = IsItPrimeUITests/Info.plist;
				LD_RUNPATH_SEARCH_PATHS = "$(inherited) @executable_path/Frameworks @loader_path/Frameworks";
				PRODUCT_BUNDLE_IDENTIFIER = com.jsilvaigor.IsItPrimeUITests;
				PRODUCT_NAME = "$(TARGET_NAME)";
				SWIFT_VERSION = 4.0;
				TARGETED_DEVICE_FAMILY = "1,2";
				TEST_TARGET_NAME = IsItPrime;
			};
			name = Release;
		};
/* End XCBuildConfiguration section */

/* Begin XCConfigurationList section */
		238CB6671FC4EADB005E0249 /* Build configuration list for PBXProject "IsItPrime" */ = {
			isa = XCConfigurationList;
			buildConfigurations = (
				238CB6921FC4EADB005E0249 /* Debug */,
				238CB6931FC4EADB005E0249 /* Release */,
			);
			defaultConfigurationIsVisible = 0;
			defaultConfigurationName = Release;
		};
		238CB6941FC4EADB005E0249 /* Build configuration list for PBXNativeTarget "IsItPrime" */ = {
			isa = XCConfigurationList;
			buildConfigurations = (
				238CB6951FC4EADB005E0249 /* Debug */,
				238CB6961FC4EADB005E0249 /* Release */,
			);
			defaultConfigurationIsVisible = 0;
			defaultConfigurationName = Release;
		};
		238CB6971FC4EADB005E0249 /* Build configuration list for PBXNativeTarget "IsItPrimeTests" */ = {
			isa = XCConfigurationList;
			buildConfigurations = (
				238CB6981FC4EADB005E0249 /* Debug */,
				238CB6991FC4EADB005E0249 /* Release */,
			);
			defaultConfigurationIsVisible = 0;
			defaultConfigurationName = Release;
		};
		238CB69A1FC4EADB005E0249 /* Build configuration list for PBXNativeTarget "IsItPrimeUITests" */ = {
			isa = XCConfigurationList;
			buildConfigurations = (
				238CB69B1FC4EADB005E0249 /* Debug */,
				238CB69C1FC4EADB005E0249 /* Release */,
			);
			defaultConfigurationIsVisible = 0;
			defaultConfigurationName = Release;
		};
/* End XCConfigurationList section */
	};
	rootObject = 238CB6641FC4EADB005E0249 /* Project object */;
}
