// !$*UTF8*$!
{
	archiveVersion = 1;
	classes = {
	};
	objectVersion = 48;
	objects = {

/* Begin PBXBuildFile section */
		238CB6321FC4D788005E0249 /* AppDelegate.swift in Sources */ = {isa = PBXBuildFile; fileRef = 238CB6311FC4D788005E0249 /* AppDelegate.swift */; };
		238CB6341FC4D788005E0249 /* ViewController.swift in Sources */ = {isa = PBXBuildFile; fileRef = 238CB6331FC4D788005E0249 /* ViewController.swift */; };
		238CB6371FC4D788005E0249 /* Main.storyboard in Resources */ = {isa = PBXBuildFile; fileRef = 238CB6351FC4D788005E0249 /* Main.storyboard */; };
		238CB6391FC4D788005E0249 /* Assets.xcassets in Resources */ = {isa = PBXBuildFile; fileRef = 238CB6381FC4D788005E0249 /* Assets.xcassets */; };
		238CB63C1FC4D788005E0249 /* LaunchScreen.storyboard in Resources */ = {isa = PBXBuildFile; fileRef = 238CB63A1FC4D788005E0249 /* LaunchScreen.storyboard */; };
		238CB6471FC4D788005E0249 /* HowManyYearsTests.swift in Sources */ = {isa = PBXBuildFile; fileRef = 238CB6461FC4D788005E0249 /* HowManyYearsTests.swift */; };
		238CB6521FC4D788005E0249 /* HowManyYearsUITests.swift in Sources */ = {isa = PBXBuildFile; fileRef = 238CB6511FC4D788005E0249 /* HowManyYearsUITests.swift */; };
		238CB6621FC4DE61005E0249 /* background_2.jpg in Resources */ = {isa = PBXBuildFile; fileRef = 238CB6611FC4DE61005E0249 /* background_2.jpg */; };
/* End PBXBuildFile section */

/* Begin PBXContainerItemProxy section */
		238CB6431FC4D788005E0249 /* PBXContainerItemProxy */ = {
			isa = PBXContainerItemProxy;
			containerPortal = 238CB6261FC4D788005E0249 /* Project object */;
			proxyType = 1;
			remoteGlobalIDString = 238CB62D1FC4D788005E0249;
			remoteInfo = HowManyYears;
		};
		238CB64E1FC4D788005E0249 /* PBXContainerItemProxy */ = {
			isa = PBXContainerItemProxy;
			containerPortal = 238CB6261FC4D788005E0249 /* Project object */;
			proxyType = 1;
			remoteGlobalIDString = 238CB62D1FC4D788005E0249;
			remoteInfo = HowManyYears;
		};
/* End PBXContainerItemProxy section */

/* Begin PBXFileReference section */
		238CB62E1FC4D788005E0249 /* HowManyYears.app */ = {isa = PBXFileReference; explicitFileType = wrapper.application; includeInIndex = 0; path = HowManyYears.app; sourceTree = BUILT_PRODUCTS_DIR; };
		238CB6311FC4D788005E0249 /* AppDelegate.swift */ = {isa = PBXFileReference; lastKnownFileType = sourcecode.swift; path = AppDelegate.swift; sourceTree = "<group>"; };
		238CB6331FC4D788005E0249 /* ViewController.swift */ = {isa = PBXFileReference; lastKnownFileType = sourcecode.swift; path = ViewController.swift; sourceTree = "<group>"; };
		238CB6361FC4D788005E0249 /* Base */ = {isa = PBXFileReference; lastKnownFileType = file.storyboard; name = Base; path = Base.lproj/Main.storyboard; sourceTree = "<group>"; };
		238CB6381FC4D788005E0249 /* Assets.xcassets */ = {isa = PBXFileReference; lastKnownFileType = folder.assetcatalog; path = Assets.xcassets; sourceTree = "<group>"; };
		238CB63B1FC4D788005E0249 /* Base */ = {isa = PBXFileReference; lastKnownFileType = file.storyboard; name = Base; path = Base.lproj/LaunchScreen.storyboard; sourceTree = "<group>"; };
		238CB63D1FC4D788005E0249 /* Info.plist */ = {isa = PBXFileReference; lastKnownFileType = text.plist.xml; path = Info.plist; sourceTree = "<group>"; };
		238CB6421FC4D788005E0249 /* HowManyYearsTests.xctest */ = {isa = PBXFileReference; explicitFileType = wrapper.cfbundle; includeInIndex = 0; path = HowManyYearsTests.xctest; sourceTree = BUILT_PRODUCTS_DIR; };
		238CB6461FC4D788005E0249 /* HowManyYearsTests.swift */ = {isa = PBXFileReference; lastKnownFileType = sourcecode.swift; path = HowManyYearsTests.swift; sourceTree = "<group>"; };
		238CB6481FC4D788005E0249 /* Info.plist */ = {isa = PBXFileReference; lastKnownFileType = text.plist.xml; path = Info.plist; sourceTree = "<group>"; };
		238CB64D1FC4D788005E0249 /* HowManyYearsUITests.xctest */ = {isa = PBXFileReference; explicitFileType = wrapper.cfbundle; includeInIndex = 0; path = HowManyYearsUITests.xctest; sourceTree = BUILT_PRODUCTS_DIR; };
		238CB6511FC4D788005E0249 /* HowManyYearsUITests.swift */ = {isa = PBXFileReference; lastKnownFileType = sourcecode.swift; path = HowManyYearsUITests.swift; sourceTree = "<group>"; };
		238CB6531FC4D788005E0249 /* Info.plist */ = {isa = PBXFileReference; lastKnownFileType = text.plist.xml; path = Info.plist; sourceTree = "<group>"; };
		238CB6611FC4DE61005E0249 /* background_2.jpg */ = {isa = PBXFileReference; lastKnownFileType = image.jpeg; path = background_2.jpg; sourceTree = "<group>"; };
/* End PBXFileReference section */

/* Begin PBXFrameworksBuildPhase section */
		238CB62B1FC4D788005E0249 /* Frameworks */ = {
			isa = PBXFrameworksBuildPhase;
			buildActionMask = 2147483647;
			files = (
			);
			runOnlyForDeploymentPostprocessing = 0;
		};
		238CB63F1FC4D788005E0249 /* Frameworks */ = {
			isa = PBXFrameworksBuildPhase;
			buildActionMask = 2147483647;
			files = (
			);
			runOnlyForDeploymentPostprocessing = 0;
		};
		238CB64A1FC4D788005E0249 /* Frameworks */ = {
			isa = PBXFrameworksBuildPhase;
			buildActionMask = 2147483647;
			files = (
			);
			runOnlyForDeploymentPostprocessing = 0;
		};
/* End PBXFrameworksBuildPhase section */

/* Begin PBXGroup section */
		238CB6251FC4D788005E0249 = {
			isa = PBXGroup;
			children = (
				238CB6301FC4D788005E0249 /* HowManyYears */,
				238CB6451FC4D788005E0249 /* HowManyYearsTests */,
				238CB6501FC4D788005E0249 /* HowManyYearsUITests */,
				238CB62F1FC4D788005E0249 /* Products */,
			);
			sourceTree = "<group>";
		};
		238CB62F1FC4D788005E0249 /* Products */ = {
			isa = PBXGroup;
			children = (
				238CB62E1FC4D788005E0249 /* HowManyYears.app */,
				238CB6421FC4D788005E0249 /* HowManyYearsTests.xctest */,
				238CB64D1FC4D788005E0249 /* HowManyYearsUITests.xctest */,
			);
			name = Products;
			sourceTree = "<group>";
		};
		238CB6301FC4D788005E0249 /* HowManyYears */ = {
			isa = PBXGroup;
			children = (
				238CB6311FC4D788005E0249 /* AppDelegate.swift */,
				238CB6331FC4D788005E0249 /* ViewController.swift */,
				238CB6351FC4D788005E0249 /* Main.storyboard */,
				238CB6381FC4D788005E0249 /* Assets.xcassets */,
				238CB63A1FC4D788005E0249 /* LaunchScreen.storyboard */,
				238CB6611FC4DE61005E0249 /* background_2.jpg */,
				238CB63D1FC4D788005E0249 /* Info.plist */,
			);
			path = HowManyYears;
			sourceTree = "<group>";
		};
		238CB6451FC4D788005E0249 /* HowManyYearsTests */ = {
			isa = PBXGroup;
			children = (
				238CB6461FC4D788005E0249 /* HowManyYearsTests.swift */,
				238CB6481FC4D788005E0249 /* Info.plist */,
			);
			path = HowManyYearsTests;
			sourceTree = "<group>";
		};
		238CB6501FC4D788005E0249 /* HowManyYearsUITests */ = {
			isa = PBXGroup;
			children = (
				238CB6511FC4D788005E0249 /* HowManyYearsUITests.swift */,
				238CB6531FC4D788005E0249 /* Info.plist */,
			);
			path = HowManyYearsUITests;
			sourceTree = "<group>";
		};
/* End PBXGroup section */

/* Begin PBXNativeTarget section */
		238CB62D1FC4D788005E0249 /* HowManyYears */ = {
			isa = PBXNativeTarget;
			buildConfigurationList = 238CB6561FC4D788005E0249 /* Build configuration list for PBXNativeTarget "HowManyYears" */;
			buildPhases = (
				238CB62A1FC4D788005E0249 /* Sources */,
				238CB62B1FC4D788005E0249 /* Frameworks */,
				238CB62C1FC4D788005E0249 /* Resources */,
			);
			buildRules = (
			);
			dependencies = (
			);
			name = HowManyYears;
			productName = HowManyYears;
			productReference = 238CB62E1FC4D788005E0249 /* HowManyYears.app */;
			productType = "com.apple.product-type.application";
		};
		238CB6411FC4D788005E0249 /* HowManyYearsTests */ = {
			isa = PBXNativeTarget;
			buildConfigurationList = 238CB6591FC4D788005E0249 /* Build configuration list for PBXNativeTarget "HowManyYearsTests" */;
			buildPhases = (
				238CB63E1FC4D788005E0249 /* Sources */,
				238CB63F1FC4D788005E0249 /* Frameworks */,
				238CB6401FC4D788005E0249 /* Resources */,
			);
			buildRules = (
			);
			dependencies = (
				238CB6441FC4D788005E0249 /* PBXTargetDependency */,
			);
			name = HowManyYearsTests;
			productName = HowManyYearsTests;
			productReference = 238CB6421FC4D788005E0249 /* HowManyYearsTests.xctest */;
			productType = "com.apple.product-type.bundle.unit-test";
		};
		238CB64C1FC4D788005E0249 /* HowManyYearsUITests */ = {
			isa = PBXNativeTarget;
			buildConfigurationList = 238CB65C1FC4D788005E0249 /* Build configuration list for PBXNativeTarget "HowManyYearsUITests" */;
			buildPhases = (
				238CB6491FC4D788005E0249 /* Sources */,
				238CB64A1FC4D788005E0249 /* Frameworks */,
				238CB64B1FC4D788005E0249 /* Resources */,
			);
			buildRules = (
			);
			dependencies = (
				238CB64F1FC4D788005E0249 /* PBXTargetDependency */,
			);
			name = HowManyYearsUITests;
			productName = HowManyYearsUITests;
			productReference = 238CB64D1FC4D788005E0249 /* HowManyYearsUITests.xctest */;
			productType = "com.apple.product-type.bundle.ui-testing";
		};
/* End PBXNativeTarget section */

/* Begin PBXProject section */
		238CB6261FC4D788005E0249 /* Project object */ = {
			isa = PBXProject;
			attributes = {
				LastSwiftUpdateCheck = 0910;
				LastUpgradeCheck = 0910;
				ORGANIZATIONNAME = "Igor Silva";
				TargetAttributes = {
					238CB62D1FC4D788005E0249 = {
						CreatedOnToolsVersion = 9.1;
						ProvisioningStyle = Automatic;
					};
					238CB6411FC4D788005E0249 = {
						CreatedOnToolsVersion = 9.1;
						ProvisioningStyle = Automatic;
						TestTargetID = 238CB62D1FC4D788005E0249;
					};
					238CB64C1FC4D788005E0249 = {
						CreatedOnToolsVersion = 9.1;
						ProvisioningStyle = Automatic;
						TestTargetID = 238CB62D1FC4D788005E0249;
					};
				};
			};
			buildConfigurationList = 238CB6291FC4D788005E0249 /* Build configuration list for PBXProject "HowManyYears" */;
			compatibilityVersion = "Xcode 8.0";
			developmentRegion = en;
			hasScannedForEncodings = 0;
			knownRegions = (
				en,
				Base,
			);
			mainGroup = 238CB6251FC4D788005E0249;
			productRefGroup = 238CB62F1FC4D788005E0249 /* Products */;
			projectDirPath = "";
			projectRoot = "";
			targets = (
				238CB62D1FC4D788005E0249 /* HowManyYears */,
				238CB6411FC4D788005E0249 /* HowManyYearsTests */,
				238CB64C1FC4D788005E0249 /* HowManyYearsUITests */,
			);
		};
/* End PBXProject section */

/* Begin PBXResourcesBuildPhase section */
		238CB62C1FC4D788005E0249 /* Resources */ = {
			isa = PBXResourcesBuildPhase;
			buildActionMask = 2147483647;
			files = (
				238CB6621FC4DE61005E0249 /* background_2.jpg in Resources */,
				238CB63C1FC4D788005E0249 /* LaunchScreen.storyboard in Resources */,
				238CB6391FC4D788005E0249 /* Assets.xcassets in Resources */,
				238CB6371FC4D788005E0249 /* Main.storyboard in Resources */,
			);
			runOnlyForDeploymentPostprocessing = 0;
		};
		238CB6401FC4D788005E0249 /* Resources */ = {
			isa = PBXResourcesBuildPhase;
			buildActionMask = 2147483647;
			files = (
			);
			runOnlyForDeploymentPostprocessing = 0;
		};
		238CB64B1FC4D788005E0249 /* Resources */ = {
			isa = PBXResourcesBuildPhase;
			buildActionMask = 2147483647;
			files = (
			);
			runOnlyForDeploymentPostprocessing = 0;
		};
/* End PBXResourcesBuildPhase section */

/* Begin PBXSourcesBuildPhase section */
		238CB62A1FC4D788005E0249 /* Sources */ = {
			isa = PBXSourcesBuildPhase;
			buildActionMask = 2147483647;
			files = (
				238CB6341FC4D788005E0249 /* ViewController.swift in Sources */,
				238CB6321FC4D788005E0249 /* AppDelegate.swift in Sources */,
			);
			runOnlyForDeploymentPostprocessing = 0;
		};
		238CB63E1FC4D788005E0249 /* Sources */ = {
			isa = PBXSourcesBuildPhase;
			buildActionMask = 2147483647;
			files = (
				238CB6471FC4D788005E0249 /* HowManyYearsTests.swift in Sources */,
			);
			runOnlyForDeploymentPostprocessing = 0;
		};
		238CB6491FC4D788005E0249 /* Sources */ = {
			isa = PBXSourcesBuildPhase;
			buildActionMask = 2147483647;
			files = (
				238CB6521FC4D788005E0249 /* HowManyYearsUITests.swift in Sources */,
			);
			runOnlyForDeploymentPostprocessing = 0;
		};
/* End PBXSourcesBuildPhase section */

/* Begin PBXTargetDependency section */
		238CB6441FC4D788005E0249 /* PBXTargetDependency */ = {
			isa = PBXTargetDependency;
			target = 238CB62D1FC4D788005E0249 /* HowManyYears */;
			targetProxy = 238CB6431FC4D788005E0249 /* PBXContainerItemProxy */;
		};
		238CB64F1FC4D788005E0249 /* PBXTargetDependency */ = {
			isa = PBXTargetDependency;
			target = 238CB62D1FC4D788005E0249 /* HowManyYears */;
			targetProxy = 238CB64E1FC4D788005E0249 /* PBXContainerItemProxy */;
		};
/* End PBXTargetDependency section */

/* Begin PBXVariantGroup section */
		238CB6351FC4D788005E0249 /* Main.storyboard */ = {
			isa = PBXVariantGroup;
			children = (
				238CB6361FC4D788005E0249 /* Base */,
			);
			name = Main.storyboard;
			sourceTree = "<group>";
		};
		238CB63A1FC4D788005E0249 /* LaunchScreen.storyboard */ = {
			isa = PBXVariantGroup;
			children = (
				238CB63B1FC4D788005E0249 /* Base */,
			);
			name = LaunchScreen.storyboard;
			sourceTree = "<group>";
		};
/* End PBXVariantGroup section */

/* Begin XCBuildConfiguration section */
		238CB6541FC4D788005E0249 /* Debug */ = {
			isa = XCBuildConfiguration;
			buildSettings = {
				ALWAYS_SEARCH_USER_PATHS = NO;
				CLANG_ANALYZER_NONNULL = YES;
				CLANG_ANALYZER_NUMBER_OBJECT_CONVERSION = YES_AGGRESSIVE;
				CLANG_CXX_LANGUAGE_STANDARD = "gnu++14";
				CLANG_CXX_LIBRARY = "libc++";
				CLANG_ENABLE_MODULES = YES;
				CLANG_ENABLE_OBJC_ARC = YES;
				CLANG_WARN_BLOCK_CAPTURE_AUTORELEASING = YES;
				CLANG_WARN_BOOL_CONVERSION = YES;
				CLANG_WARN_COMMA = YES;
				CLANG_WARN_CONSTANT_CONVERSION = YES;
				CLANG_WARN_DIRECT_OBJC_ISA_USAGE = YES_ERROR;
				CLANG_WARN_DOCUMENTATION_COMMENTS = YES;
				CLANG_WARN_EMPTY_BODY = YES;
				CLANG_WARN_ENUM_CONVERSION = YES;
				CLANG_WARN_INFINITE_RECURSION = YES;
				CLANG_WARN_INT_CONVERSION = YES;
				CLANG_WARN_NON_LITERAL_NULL_CONVERSION = YES;
				CLANG_WARN_OBJC_LITERAL_CONVERSION = YES;
				CLANG_WARN_OBJC_ROOT_CLASS = YES_ERROR;
				CLANG_WARN_RANGE_LOOP_ANALYSIS = YES;
				CLANG_WARN_STRICT_PROTOTYPES = YES;
				CLANG_WARN_SUSPICIOUS_MOVE = YES;
				CLANG_WARN_UNGUARDED_AVAILABILITY = YES_AGGRESSIVE;
				CLANG_WARN_UNREACHABLE_CODE = YES;
				CLANG_WARN__DUPLICATE_METHOD_MATCH = YES;
				CODE_SIGN_IDENTITY = "iPhone Developer";
				COPY_PHASE_STRIP = NO;
				DEBUG_INFORMATION_FORMAT = dwarf;
				ENABLE_STRICT_OBJC_MSGSEND = YES;
				ENABLE_TESTABILITY = YES;
				GCC_C_LANGUAGE_STANDARD = gnu11;
				GCC_DYNAMIC_NO_PIC = NO;
				GCC_NO_COMMON_BLOCKS = YES;
				GCC_OPTIMIZATION_LEVEL = 0;
				GCC_PREPROCESSOR_DEFINITIONS = (
					"DEBUG=1",
					"$(inherited)",
				);
				GCC_WARN_64_TO_32_BIT_CONVERSION = YES;
				GCC_WARN_ABOUT_RETURN_TYPE = YES_ERROR;
				GCC_WARN_UNDECLARED_SELECTOR = YES;
				GCC_WARN_UNINITIALIZED_AUTOS = YES_AGGRESSIVE;
				GCC_WARN_UNUSED_FUNCTION = YES;
				GCC_WARN_UNUSED_VARIABLE = YES;
				IPHONEOS_DEPLOYMENT_TARGET = 11.1;
				MTL_ENABLE_DEBUG_INFO = YES;
				ONLY_ACTIVE_ARCH = YES;
				SDKROOT = iphoneos;
				SWIFT_ACTIVE_COMPILATION_CONDITIONS = DEBUG;
				SWIFT_OPTIMIZATION_LEVEL = "-Onone";
			};
			name = Debug;
		};
		238CB6551FC4D788005E0249 /* Release */ = {
			isa = XCBuildConfiguration;
			buildSettings = {
				ALWAYS_SEARCH_USER_PATHS = NO;
				CLANG_ANALYZER_NONNULL = YES;
				CLANG_ANALYZER_NUMBER_OBJECT_CONVERSION = YES_AGGRESSIVE;
				CLANG_CXX_LANGUAGE_STANDARD = "gnu++14";
				CLANG_CXX_LIBRARY = "libc++";
				CLANG_ENABLE_MODULES = YES;
				CLANG_ENABLE_OBJC_ARC = YES;
				CLANG_WARN_BLOCK_CAPTURE_AUTORELEASING = YES;
				CLANG_WARN_BOOL_CONVERSION = YES;
				CLANG_WARN_COMMA = YES;
				CLANG_WARN_CONSTANT_CONVERSION = YES;
				CLANG_WARN_DIRECT_OBJC_ISA_USAGE = YES_ERROR;
				CLANG_WARN_DOCUMENTATION_COMMENTS = YES;
				CLANG_WARN_EMPTY_BODY = YES;
				CLANG_WARN_ENUM_CONVERSION = YES;
				CLANG_WARN_INFINITE_RECURSION = YES;
				CLANG_WARN_INT_CONVERSION = YES;
				CLANG_WARN_NON_LITERAL_NULL_CONVERSION = YES;
				CLANG_WARN_OBJC_LITERAL_CONVERSION = YES;
				CLANG_WARN_OBJC_ROOT_CLASS = YES_ERROR;
				CLANG_WARN_RANGE_LOOP_ANALYSIS = YES;
				CLANG_WARN_STRICT_PROTOTYPES = YES;
				CLANG_WARN_SUSPICIOUS_MOVE = YES;
				CLANG_WARN_UNGUARDED_AVAILABILITY = YES_AGGRESSIVE;
				CLANG_WARN_UNREACHABLE_CODE = YES;
				CLANG_WARN__DUPLICATE_METHOD_MATCH = YES;
				CODE_SIGN_IDENTITY = "iPhone Developer";
				COPY_PHASE_STRIP = NO;
				DEBUG_INFORMATION_FORMAT = "dwarf-with-dsym";
				ENABLE_NS_ASSERTIONS = NO;
				ENABLE_STRICT_OBJC_MSGSEND = YES;
				GCC_C_LANGUAGE_STANDARD = gnu11;
				GCC_NO_COMMON_BLOCKS = YES;
				GCC_WARN_64_TO_32_BIT_CONVERSION = YES;
				GCC_WARN_ABOUT_RETURN_TYPE = YES_ERROR;
				GCC_WARN_UNDECLARED_SELECTOR = YES;
				GCC_WARN_UNINITIALIZED_AUTOS = YES_AGGRESSIVE;
				GCC_WARN_UNUSED_FUNCTION = YES;
				GCC_WARN_UNUSED_VARIABLE = YES;
				IPHONEOS_DEPLOYMENT_TARGET = 11.1;
				MTL_ENABLE_DEBUG_INFO = NO;
				SDKROOT = iphoneos;
				SWIFT_OPTIMIZATION_LEVEL = "-Owholemodule";
				VALIDATE_PRODUCT = YES;
			};
			name = Release;
		};
		238CB6571FC4D788005E0249 /* Debug */ = {
			isa = XCBuildConfiguration;
			buildSettings = {
				ASSETCATALOG_COMPILER_APPICON_NAME = AppIcon;
				CODE_SIGN_STYLE = Automatic;
				INFOPLIST_FILE = HowManyYears/Info.plist;
				LD_RUNPATH_SEARCH_PATHS = "$(inherited) @executable_path/Frameworks";
				PRODUCT_BUNDLE_IDENTIFIER = com.jsilvaigor.HowManyYears;
				PRODUCT_NAME = "$(TARGET_NAME)";
				SWIFT_VERSION = 4.0;
				TARGETED_DEVICE_FAMILY = "1,2";
			};
			name = Debug;
		};
		238CB6581FC4D788005E0249 /* Release */ = {
			isa = XCBuildConfiguration;
			buildSettings = {
				ASSETCATALOG_COMPILER_APPICON_NAME = AppIcon;
				CODE_SIGN_STYLE = Automatic;
				INFOPLIST_FILE = HowManyYears/Info.plist;
				LD_RUNPATH_SEARCH_PATHS = "$(inherited) @executable_path/Frameworks";
				PRODUCT_BUNDLE_IDENTIFIER = com.jsilvaigor.HowManyYears;
				PRODUCT_NAME = "$(TARGET_NAME)";
				SWIFT_VERSION = 4.0;
				TARGETED_DEVICE_FAMILY = "1,2";
			};
			name = Release;
		};
		238CB65A1FC4D788005E0249 /* Debug */ = {
			isa = XCBuildConfiguration;
			buildSettings = {
				ALWAYS_EMBED_SWIFT_STANDARD_LIBRARIES = YES;
				BUNDLE_LOADER = "$(TEST_HOST)";
				CODE_SIGN_STYLE = Automatic;
				INFOPLIST_FILE = HowManyYearsTests/Info.plist;
				LD_RUNPATH_SEARCH_PATHS = "$(inherited) @executable_path/Frameworks @loader_path/Frameworks";
				PRODUCT_BUNDLE_IDENTIFIER = com.jsilvaigor.HowManyYearsTests;
				PRODUCT_NAME = "$(TARGET_NAME)";
				SWIFT_VERSION = 4.0;
				TARGETED_DEVICE_FAMILY = "1,2";
				TEST_HOST = "$(BUILT_PRODUCTS_DIR)/HowManyYears.app/HowManyYears";
			};
			name = Debug;
		};
		238CB65B1FC4D788005E0249 /* Release */ = {
			isa = XCBuildConfiguration;
			buildSettings = {
				ALWAYS_EMBED_SWIFT_STANDARD_LIBRARIES = YES;
				BUNDLE_LOADER = "$(TEST_HOST)";
				CODE_SIGN_STYLE = Automatic;
				INFOPLIST_FILE = HowManyYearsTests/Info.plist;
				LD_RUNPATH_SEARCH_PATHS = "$(inherited) @executable_path/Frameworks @loader_path/Frameworks";
				PRODUCT_BUNDLE_IDENTIFIER = com.jsilvaigor.HowManyYearsTests;
				PRODUCT_NAME = "$(TARGET_NAME)";
				SWIFT_VERSION = 4.0;
				TARGETED_DEVICE_FAMILY = "1,2";
				TEST_HOST = "$(BUILT_PRODUCTS_DIR)/HowManyYears.app/HowManyYears";
			};
			name = Release;
		};
		238CB65D1FC4D788005E0249 /* Debug */ = {
			isa = XCBuildConfiguration;
			buildSettings = {
				ALWAYS_EMBED_SWIFT_STANDARD_LIBRARIES = YES;
				CODE_SIGN_STYLE = Automatic;
				INFOPLIST_FILE = HowManyYearsUITests/Info.plist;
				LD_RUNPATH_SEARCH_PATHS = "$(inherited) @executable_path/Frameworks @loader_path/Frameworks";
				PRODUCT_BUNDLE_IDENTIFIER = com.jsilvaigor.HowManyYearsUITests;
				PRODUCT_NAME = "$(TARGET_NAME)";
				SWIFT_VERSION = 4.0;
				TARGETED_DEVICE_FAMILY = "1,2";
				TEST_TARGET_NAME = HowManyYears;
			};
			name = Debug;
		};
		238CB65E1FC4D788005E0249 /* Release */ = {
			isa = XCBuildConfiguration;
			buildSettings = {
				ALWAYS_EMBED_SWIFT_STANDARD_LIBRARIES = YES;
				CODE_SIGN_STYLE = Automatic;
				INFOPLIST_FILE = HowManyYearsUITests/Info.plist;
				LD_RUNPATH_SEARCH_PATHS = "$(inherited) @executable_path/Frameworks @loader_path/Frameworks";
				PRODUCT_BUNDLE_IDENTIFIER = com.jsilvaigor.HowManyYearsUITests;
				PRODUCT_NAME = "$(TARGET_NAME)";
				SWIFT_VERSION = 4.0;
				TARGETED_DEVICE_FAMILY = "1,2";
				TEST_TARGET_NAME = HowManyYears;
			};
			name = Release;
		};
/* End XCBuildConfiguration section */

/* Begin XCConfigurationList section */
		238CB6291FC4D788005E0249 /* Build configuration list for PBXProject "HowManyYears" */ = {
			isa = XCConfigurationList;
			buildConfigurations = (
				238CB6541FC4D788005E0249 /* Debug */,
				238CB6551FC4D788005E0249 /* Release */,
			);
			defaultConfigurationIsVisible = 0;
			defaultConfigurationName = Release;
		};
		238CB6561FC4D788005E0249 /* Build configuration list for PBXNativeTarget "HowManyYears" */ = {
			isa = XCConfigurationList;
			buildConfigurations = (
				238CB6571FC4D788005E0249 /* Debug */,
				238CB6581FC4D788005E0249 /* Release */,
			);
			defaultConfigurationIsVisible = 0;
			defaultConfigurationName = Release;
		};
		238CB6591FC4D788005E0249 /* Build configuration list for PBXNativeTarget "HowManyYearsTests" */ = {
			isa = XCConfigurationList;
			buildConfigurations = (
				238CB65A1FC4D788005E0249 /* Debug */,
				238CB65B1FC4D788005E0249 /* Release */,
			);
			defaultConfigurationIsVisible = 0;
			defaultConfigurationName = Release;
		};
		238CB65C1FC4D788005E0249 /* Build configuration list for PBXNativeTarget "HowManyYearsUITests" */ = {
			isa = XCConfigurationList;
			buildConfigurations = (
				238CB65D1FC4D788005E0249 /* Debug */,
				238CB65E1FC4D788005E0249 /* Release */,
			);
			defaultConfigurationIsVisible = 0;
			defaultConfigurationName = Release;
		};
/* End XCConfigurationList section */
	};
	rootObject = 238CB6261FC4D788005E0249 /* Project object */;
}
